
Microsoft Visual Studio Solution File, Format Version 12.00
# Visual Studio 14
VisualStudioVersion = 14.0.25420.1
MinimumVisualStudioVersion = 10.0.40219.1
Project("{E24C65DC-7377-472B-9ABA-BC803B73C61A}") = "Website", "Website\", "{C76C7FFD-AEE5-446B-A5A0-E8D8835D3C0D}"
	ProjectSection(WebsiteProperties) = preProject
		TargetFrameworkMoniker = ".NETFramework,Version%3Dv4.6.1"
		ProjectReferences = "{618b20e4-c279-4962-9d04-fb818f33de4f}|MockERKS.Framework.dll;"
		Debug.AspNetCompiler.VirtualPath = "/localhost_60247"
		Debug.AspNetCompiler.PhysicalPath = "Website\"
		Debug.AspNetCompiler.TargetPath = "PrecompiledWeb\localhost_60247\"
		Debug.AspNetCompiler.Updateable = "true"
		Debug.AspNetCompiler.ForceOverwrite = "true"
		Debug.AspNetCompiler.FixedNames = "false"
		Debug.AspNetCompiler.Debug = "True"
		Release.AspNetCompiler.VirtualPath = "/localhost_60247"
		Release.AspNetCompiler.PhysicalPath = "Website\"
		Release.AspNetCompiler.TargetPath = "PrecompiledWeb\localhost_60247\"
		Release.AspNetCompiler.Updateable = "true"
		Release.AspNetCompiler.ForceOverwrite = "true"
		Release.AspNetCompiler.FixedNames = "false"
		Release.AspNetCompiler.Debug = "False"
		VWDPort = "60247"
		SlnRelativePath = "Website\"
		DefaultWebSiteLanguage = "Visual C#"
	EndProjectSection
EndProject
Project("{FAE04EC0-301F-11D3-BF4B-00C04F79EFBC}") = "MockERKS.Framework", "MockERKS.Framework\MockERKS.Framework.csproj", "{618B20E4-C279-4962-9D04-FB818F33DE4F}"
EndProject
Global
	GlobalSection(SolutionConfigurationPlatforms) = preSolution
		Debug|Any CPU = Debug|Any CPU
		Release|Any CPU = Release|Any CPU
	EndGlobalSection
	GlobalSection(ProjectConfigurationPlatforms) = postSolution
		{C76C7FFD-AEE5-446B-A5A0-E8D8835D3C0D}.Debug|Any CPU.ActiveCfg = Debug|Any CPU
		{C76C7FFD-AEE5-446B-A5A0-E8D8835D3C0D}.Debug|Any CPU.Build.0 = Debug|Any CPU
		{C76C7FFD-AEE5-446B-A5A0-E8D8835D3C0D}.Release|Any CPU.ActiveCfg = Debug|Any CPU
		{C76C7FFD-AEE5-446B-A5A0-E8D8835D3C0D}.Release|Any CPU.Build.0 = Debug|Any CPU
		{618B20E4-C279-4962-9D04-FB818F33DE4F}.Debug|Any CPU.ActiveCfg = Debug|Any CPU
		{618B20E4-C279-4962-9D04-FB818F33DE4F}.Debug|Any CPU.Build.0 = Debug|Any CPU
		{618B20E4-C279-4962-9D04-FB818F33DE4F}.Release|Any CPU.ActiveCfg = Release|Any CPU
		{618B20E4-C279-4962-9D04-FB818F33DE4F}.Release|Any CPU.Build.0 = Release|Any CPU
	EndGlobalSection
	GlobalSection(SolutionProperties) = preSolution
		HideSolutionNode = FALSE
	EndGlobalSection
EndGlobal
